
Microsoft Visual Studio Solution File, Format Version 11.00
# Visual Studio 2010
Project("{FAE04EC0-301F-11D3-BF4B-00C04F79EFBC}") = "KontrastIyilestirmeProgrami", "KontrastIyilestirmeProgrami\KontrastIyilestirmeProgrami.csproj", "{A6636F34-2439-419B-AE92-696E3266D1AB}"
EndProject
Global
	GlobalSection(SolutionConfigurationPlatforms) = preSolution
		Debug|x86 = Debug|x86
		Release|x86 = Release|x86
	EndGlobalSection
	GlobalSection(ProjectConfigurationPlatforms) = postSolution
		{A6636F34-2439-419B-AE92-696E3266D1AB}.Debug|x86.ActiveCfg = Debug|x86
		{A6636F34-2439-419B-AE92-696E3266D1AB}.Debug|x86.Build.0 = Debug|x86
		{A6636F34-2439-419B-AE92-696E3266D1AB}.Release|x86.ActiveCfg = Release|x86
		{A6636F34-2439-419B-AE92-696E3266D1AB}.Release|x86.Build.0 = Release|x86
	EndGlobalSection
	GlobalSection(SolutionProperties) = preSolution
		HideSolutionNode = FALSE
	EndGlobalSection
EndGlobal
